// !$*UTF8*$!
{
	archiveVersion = 1;
	classes = {
	};
	objectVersion = 56;
	objects = {

/* Begin PBXBuildFile section */
		8466DD1D2B79000D00C15519 /* ExpandedView.swift in Sources */ = {isa = PBXBuildFile; fileRef = 8466DD1C2B79000D00C15519 /* ExpandedView.swift */; };
		849EC6EA2B7A25E700DC91C0 /* Chats.xcdatamodeld in Sources */ = {isa = PBXBuildFile; fileRef = 849EC6E82B7A25E700DC91C0 /* Chats.xcdatamodeld */; };
		849EC6F12B7A295A00DC91C0 /* DataContainer.swift in Sources */ = {isa = PBXBuildFile; fileRef = 849EC6F02B7A295A00DC91C0 /* DataContainer.swift */; };
		849EC6F52B7A2B4800DC91C0 /* ChatsViewModel.swift in Sources */ = {isa = PBXBuildFile; fileRef = 849EC6F42B7A2B4800DC91C0 /* ChatsViewModel.swift */; };
		84B14D1F2B78D06100643FE2 /* TextFieldEtension.swift in Sources */ = {isa = PBXBuildFile; fileRef = 84B14D1E2B78D06100643FE2 /* TextFieldEtension.swift */; };
		84B14D232B78D14900643FE2 /* DetailView.swift in Sources */ = {isa = PBXBuildFile; fileRef = 84B14D222B78D14900643FE2 /* DetailView.swift */; };
		84BCEC172B7663C400F29A18 /* ChatAppApp.swift in Sources */ = {isa = PBXBuildFile; fileRef = 84BCEC162B7663C400F29A18 /* ChatAppApp.swift */; };
		84BCEC192B7663C400F29A18 /* ContentView.swift in Sources */ = {isa = PBXBuildFile; fileRef = 84BCEC182B7663C400F29A18 /* ContentView.swift */; };
		84BCEC1B2B7663C600F29A18 /* Assets.xcassets in Resources */ = {isa = PBXBuildFile; fileRef = 84BCEC1A2B7663C600F29A18 /* Assets.xcassets */; };
		84BCEC1E2B7663C600F29A18 /* Preview Assets.xcassets in Resources */ = {isa = PBXBuildFile; fileRef = 84BCEC1D2B7663C600F29A18 /* Preview Assets.xcassets */; };
		84BCEC272B766DA200F29A18 /* Home.swift in Sources */ = {isa = PBXBuildFile; fileRef = 84BCEC262B766DA200F29A18 /* Home.swift */; };
		84BCEC292B766E4E00F29A18 /* TabButton.swift in Sources */ = {isa = PBXBuildFile; fileRef = 84BCEC282B766E4E00F29A18 /* TabButton.swift */; };
		84BCEC2C2B76714300F29A18 /* HomeViewModel.swift in Sources */ = {isa = PBXBuildFile; fileRef = 84BCEC2B2B76714300F29A18 /* HomeViewModel.swift */; };
		84BCEC2F2B7671A600F29A18 /* Tabs.swift in Sources */ = {isa = PBXBuildFile; fileRef = 84BCEC2E2B7671A600F29A18 /* Tabs.swift */; };
		84BCEC312B76926D00F29A18 /* BlurView.swift in Sources */ = {isa = PBXBuildFile; fileRef = 84BCEC302B76926D00F29A18 /* BlurView.swift */; };
		84BCEC362B76979E00F29A18 /* Poppins-Regular.ttf in Resources */ = {isa = PBXBuildFile; fileRef = 84BCEC352B76979E00F29A18 /* Poppins-Regular.ttf */; };
		84BCEC3B2B76A22C00F29A18 /* AllChatsView.swift in Sources */ = {isa = PBXBuildFile; fileRef = 84BCEC3A2B76A22C00F29A18 /* AllChatsView.swift */; };
		84BCEC3D2B76A47200F29A18 /* RecentMessage.swift in Sources */ = {isa = PBXBuildFile; fileRef = 84BCEC3C2B76A47200F29A18 /* RecentMessage.swift */; };
		84BCEC3F2B76A52B00F29A18 /* Message.swift in Sources */ = {isa = PBXBuildFile; fileRef = 84BCEC3E2B76A52B00F29A18 /* Message.swift */; };
		84BCEC412B76A8D400F29A18 /* RecentCardView.swift in Sources */ = {isa = PBXBuildFile; fileRef = 84BCEC402B76A8D300F29A18 /* RecentCardView.swift */; };
		84BCEC452B76B0BD00F29A18 /* ImageViewModel.swift in Sources */ = {isa = PBXBuildFile; fileRef = 84BCEC442B76B0BD00F29A18 /* ImageViewModel.swift */; };
		84C090402B7E8252001568B2 /* FocusState.swift in Sources */ = {isa = PBXBuildFile; fileRef = 84C0903F2B7E8252001568B2 /* FocusState.swift */; };
		84DC97DB2B790AA400641FA7 /* MessageView.swift in Sources */ = {isa = PBXBuildFile; fileRef = 84DC97DA2B790AA400641FA7 /* MessageView.swift */; };
		84DC97DD2B791B1200641FA7 /* NetworkError.swift in Sources */ = {isa = PBXBuildFile; fileRef = 84DC97DC2B791B1200641FA7 /* NetworkError.swift */; };
		84DC97DF2B791B4900641FA7 /* WebService.swift in Sources */ = {isa = PBXBuildFile; fileRef = 84DC97DE2B791B4900641FA7 /* WebService.swift */; };
		84DC97E12B7959CA00641FA7 /* GeminiResponse.swift in Sources */ = {isa = PBXBuildFile; fileRef = 84DC97E02B7959CA00641FA7 /* GeminiResponse.swift */; };
/* End PBXBuildFile section */

/* Begin PBXFileReference section */
		8466DD1C2B79000D00C15519 /* ExpandedView.swift */ = {isa = PBXFileReference; lastKnownFileType = sourcecode.swift; path = ExpandedView.swift; sourceTree = "<group>"; };
		849EC6E92B7A25E700DC91C0 /* GeminiResponse.xcdatamodel */ = {isa = PBXFileReference; lastKnownFileType = wrapper.xcdatamodel; path = GeminiResponse.xcdatamodel; sourceTree = "<group>"; };
		849EC6F02B7A295A00DC91C0 /* DataContainer.swift */ = {isa = PBXFileReference; lastKnownFileType = sourcecode.swift; path = DataContainer.swift; sourceTree = "<group>"; };
		849EC6F42B7A2B4800DC91C0 /* ChatsViewModel.swift */ = {isa = PBXFileReference; lastKnownFileType = sourcecode.swift; path = ChatsViewModel.swift; sourceTree = "<group>"; };
		84B14D1E2B78D06100643FE2 /* TextFieldEtension.swift */ = {isa = PBXFileReference; lastKnownFileType = sourcecode.swift; path = TextFieldEtension.swift; sourceTree = "<group>"; };
		84B14D222B78D14900643FE2 /* DetailView.swift */ = {isa = PBXFileReference; lastKnownFileType = sourcecode.swift; path = DetailView.swift; sourceTree = "<group>"; };
		84BCEC132B7663C400F29A18 /* ChatApp.app */ = {isa = PBXFileReference; explicitFileType = wrapper.application; includeInIndex = 0; path = ChatApp.app; sourceTree = BUILT_PRODUCTS_DIR; };
		84BCEC162B7663C400F29A18 /* ChatAppApp.swift */ = {isa = PBXFileReference; lastKnownFileType = sourcecode.swift; path = ChatAppApp.swift; sourceTree = "<group>"; };
		84BCEC182B7663C400F29A18 /* ContentView.swift */ = {isa = PBXFileReference; lastKnownFileType = sourcecode.swift; path = ContentView.swift; sourceTree = "<group>"; };
		84BCEC1A2B7663C600F29A18 /* Assets.xcassets */ = {isa = PBXFileReference; lastKnownFileType = folder.assetcatalog; path = Assets.xcassets; sourceTree = "<group>"; };
		84BCEC1D2B7663C600F29A18 /* Preview Assets.xcassets */ = {isa = PBXFileReference; lastKnownFileType = folder.assetcatalog; path = "Preview Assets.xcassets"; sourceTree = "<group>"; };
		84BCEC1F2B7663C600F29A18 /* ChatApp.entitlements */ = {isa = PBXFileReference; lastKnownFileType = text.plist.entitlements; path = ChatApp.entitlements; sourceTree = "<group>"; };
		84BCEC262B766DA200F29A18 /* Home.swift */ = {isa = PBXFileReference; lastKnownFileType = sourcecode.swift; path = Home.swift; sourceTree = "<group>"; };
		84BCEC282B766E4E00F29A18 /* TabButton.swift */ = {isa = PBXFileReference; lastKnownFileType = sourcecode.swift; path = TabButton.swift; sourceTree = "<group>"; };
		84BCEC2B2B76714300F29A18 /* HomeViewModel.swift */ = {isa = PBXFileReference; lastKnownFileType = sourcecode.swift; path = HomeViewModel.swift; sourceTree = "<group>"; };
		84BCEC2E2B7671A600F29A18 /* Tabs.swift */ = {isa = PBXFileReference; lastKnownFileType = sourcecode.swift; path = Tabs.swift; sourceTree = "<group>"; };
		84BCEC302B76926D00F29A18 /* BlurView.swift */ = {isa = PBXFileReference; lastKnownFileType = sourcecode.swift; path = BlurView.swift; sourceTree = "<group>"; };
		84BCEC352B76979E00F29A18 /* Poppins-Regular.ttf */ = {isa = PBXFileReference; lastKnownFileType = file; path = "Poppins-Regular.ttf"; sourceTree = "<group>"; };
		84BCEC392B76984000F29A18 /* Info.plist */ = {isa = PBXFileReference; lastKnownFileType = text.plist; path = Info.plist; sourceTree = "<group>"; };
		84BCEC3A2B76A22C00F29A18 /* AllChatsView.swift */ = {isa = PBXFileReference; lastKnownFileType = sourcecode.swift; path = AllChatsView.swift; sourceTree = "<group>"; };
		84BCEC3C2B76A47200F29A18 /* RecentMessage.swift */ = {isa = PBXFileReference; lastKnownFileType = sourcecode.swift; path = RecentMessage.swift; sourceTree = "<group>"; };
		84BCEC3E2B76A52B00F29A18 /* Message.swift */ = {isa = PBXFileReference; lastKnownFileType = sourcecode.swift; path = Message.swift; sourceTree = "<group>"; };
		84BCEC402B76A8D300F29A18 /* RecentCardView.swift */ = {isa = PBXFileReference; lastKnownFileType = sourcecode.swift; path = RecentCardView.swift; sourceTree = "<group>"; };
		84BCEC442B76B0BD00F29A18 /* ImageViewModel.swift */ = {isa = PBXFileReference; lastKnownFileType = sourcecode.swift; path = ImageViewModel.swift; sourceTree = "<group>"; };
		84C0903F2B7E8252001568B2 /* FocusState.swift */ = {isa = PBXFileReference; lastKnownFileType = sourcecode.swift; path = FocusState.swift; sourceTree = "<group>"; };
		84DC97DA2B790AA400641FA7 /* MessageView.swift */ = {isa = PBXFileReference; lastKnownFileType = sourcecode.swift; path = MessageView.swift; sourceTree = "<group>"; };
		84DC97DC2B791B1200641FA7 /* NetworkError.swift */ = {isa = PBXFileReference; lastKnownFileType = sourcecode.swift; path = NetworkError.swift; sourceTree = "<group>"; };
		84DC97DE2B791B4900641FA7 /* WebService.swift */ = {isa = PBXFileReference; lastKnownFileType = sourcecode.swift; path = WebService.swift; sourceTree = "<group>"; };
		84DC97E02B7959CA00641FA7 /* GeminiResponse.swift */ = {isa = PBXFileReference; lastKnownFileType = sourcecode.swift; path = GeminiResponse.swift; sourceTree = "<group>"; };
/* End PBXFileReference section */

/* Begin PBXFrameworksBuildPhase section */
		84BCEC102B7663C400F29A18 /* Frameworks */ = {
			isa = PBXFrameworksBuildPhase;
			buildActionMask = 2147483647;
			files = (
			);
			runOnlyForDeploymentPostprocessing = 0;
		};
/* End PBXFrameworksBuildPhase section */

/* Begin PBXGroup section */
		849EC6EF2B7A285200DC91C0 /* CoreData */ = {
			isa = PBXGroup;
			children = (
				849EC6E82B7A25E700DC91C0 /* Chats.xcdatamodeld */,
				849EC6F02B7A295A00DC91C0 /* DataContainer.swift */,
				849EC6F42B7A2B4800DC91C0 /* ChatsViewModel.swift */,
			);
			path = CoreData;
			sourceTree = "<group>";
		};
		84BCEC0A2B7663C400F29A18 = {
			isa = PBXGroup;
			children = (
				84BCEC152B7663C400F29A18 /* ChatApp */,
				84BCEC142B7663C400F29A18 /* Products */,
			);
			sourceTree = "<group>";
		};
		84BCEC142B7663C400F29A18 /* Products */ = {
			isa = PBXGroup;
			children = (
				84BCEC132B7663C400F29A18 /* ChatApp.app */,
			);
			name = Products;
			sourceTree = "<group>";
		};
		84BCEC152B7663C400F29A18 /* ChatApp */ = {
			isa = PBXGroup;
			children = (
				84BCEC392B76984000F29A18 /* Info.plist */,
				84BCEC322B76974800F29A18 /* Fonts */,
				84BCEC2D2B76719100F29A18 /* Model */,
				84BCEC2A2B76713200F29A18 /* ViewModel */,
				84BCEC252B766D8F00F29A18 /* View */,
				84BCEC162B7663C400F29A18 /* ChatAppApp.swift */,
				84BCEC182B7663C400F29A18 /* ContentView.swift */,
				84BCEC1A2B7663C600F29A18 /* Assets.xcassets */,
				84BCEC1F2B7663C600F29A18 /* ChatApp.entitlements */,
				84BCEC1C2B7663C600F29A18 /* Preview Content */,
			);
			path = ChatApp;
			sourceTree = "<group>";
		};
		84BCEC1C2B7663C600F29A18 /* Preview Content */ = {
			isa = PBXGroup;
			children = (
				84BCEC1D2B7663C600F29A18 /* Preview Assets.xcassets */,
			);
			path = "Preview Content";
			sourceTree = "<group>";
		};
		84BCEC252B766D8F00F29A18 /* View */ = {
			isa = PBXGroup;
			children = (
				84BCEC262B766DA200F29A18 /* Home.swift */,
				84BCEC282B766E4E00F29A18 /* TabButton.swift */,
				84BCEC302B76926D00F29A18 /* BlurView.swift */,
				84BCEC3A2B76A22C00F29A18 /* AllChatsView.swift */,
				84BCEC402B76A8D300F29A18 /* RecentCardView.swift */,
				84B14D222B78D14900643FE2 /* DetailView.swift */,
				8466DD1C2B79000D00C15519 /* ExpandedView.swift */,
				84DC97DA2B790AA400641FA7 /* MessageView.swift */,
			);
			path = View;
			sourceTree = "<group>";
		};
		84BCEC2A2B76713200F29A18 /* ViewModel */ = {
			isa = PBXGroup;
			children = (
				84BCEC2B2B76714300F29A18 /* HomeViewModel.swift */,
				84BCEC442B76B0BD00F29A18 /* ImageViewModel.swift */,
				84DC97DE2B791B4900641FA7 /* WebService.swift */,
			);
			path = ViewModel;
			sourceTree = "<group>";
		};
		84BCEC2D2B76719100F29A18 /* Model */ = {
			isa = PBXGroup;
			children = (
				84BCEC2E2B7671A600F29A18 /* Tabs.swift */,
				849EC6EF2B7A285200DC91C0 /* CoreData */,
				84BCEC3C2B76A47200F29A18 /* RecentMessage.swift */,
				84BCEC3E2B76A52B00F29A18 /* Message.swift */,
				84B14D1E2B78D06100643FE2 /* TextFieldEtension.swift */,
				84DC97DC2B791B1200641FA7 /* NetworkError.swift */,
				84DC97E02B7959CA00641FA7 /* GeminiResponse.swift */,
				84C0903F2B7E8252001568B2 /* FocusState.swift */,
			);
			path = Model;
			sourceTree = "<group>";
		};
		84BCEC322B76974800F29A18 /* Fonts */ = {
			isa = PBXGroup;
			children = (
				84BCEC352B76979E00F29A18 /* Poppins-Regular.ttf */,
			);
			path = Fonts;
			sourceTree = "<group>";
		};
/* End PBXGroup section */

/* Begin PBXNativeTarget section */
		84BCEC122B7663C400F29A18 /* ChatApp */ = {
			isa = PBXNativeTarget;
			buildConfigurationList = 84BCEC222B7663C600F29A18 /* Build configuration list for PBXNativeTarget "ChatApp" */;
			buildPhases = (
				84BCEC0F2B7663C400F29A18 /* Sources */,
				84BCEC102B7663C400F29A18 /* Frameworks */,
				84BCEC112B7663C400F29A18 /* Resources */,
			);
			buildRules = (
			);
			dependencies = (
			);
			name = ChatApp;
			productName = ChatApp;
			productReference = 84BCEC132B7663C400F29A18 /* ChatApp.app */;
			productType = "com.apple.product-type.application";
		};
/* End PBXNativeTarget section */

/* Begin PBXProject section */
		84BCEC0B2B7663C400F29A18 /* Project object */ = {
			isa = PBXProject;
			attributes = {
				BuildIndependentTargetsInParallel = 1;
				LastSwiftUpdateCheck = 1420;
				LastUpgradeCheck = 1420;
				TargetAttributes = {
					84BCEC122B7663C400F29A18 = {
						CreatedOnToolsVersion = 14.2;
					};
				};
			};
			buildConfigurationList = 84BCEC0E2B7663C400F29A18 /* Build configuration list for PBXProject "ChatApp" */;
			compatibilityVersion = "Xcode 14.0";
			developmentRegion = en;
			hasScannedForEncodings = 0;
			knownRegions = (
				en,
				Base,
			);
			mainGroup = 84BCEC0A2B7663C400F29A18;
			productRefGroup = 84BCEC142B7663C400F29A18 /* Products */;
			projectDirPath = "";
			projectRoot = "";
			targets = (
				84BCEC122B7663C400F29A18 /* ChatApp */,
			);
		};
/* End PBXProject section */

/* Begin PBXResourcesBuildPhase section */
		84BCEC112B7663C400F29A18 /* Resources */ = {
			isa = PBXResourcesBuildPhase;
			buildActionMask = 2147483647;
			files = (
				84BCEC362B76979E00F29A18 /* Poppins-Regular.ttf in Resources */,
				84BCEC1E2B7663C600F29A18 /* Preview Assets.xcassets in Resources */,
				84BCEC1B2B7663C600F29A18 /* Assets.xcassets in Resources */,
			);
			runOnlyForDeploymentPostprocessing = 0;
		};
/* End PBXResourcesBuildPhase section */

/* Begin PBXSourcesBuildPhase section */
		84BCEC0F2B7663C400F29A18 /* Sources */ = {
			isa = PBXSourcesBuildPhase;
			buildActionMask = 2147483647;
			files = (
				84DC97DF2B791B4900641FA7 /* WebService.swift in Sources */,
				84BCEC192B7663C400F29A18 /* ContentView.swift in Sources */,
				849EC6F12B7A295A00DC91C0 /* DataContainer.swift in Sources */,
				84BCEC312B76926D00F29A18 /* BlurView.swift in Sources */,
				849EC6EA2B7A25E700DC91C0 /* Chats.xcdatamodeld in Sources */,
				84BCEC3D2B76A47200F29A18 /* RecentMessage.swift in Sources */,
				84DC97E12B7959CA00641FA7 /* GeminiResponse.swift in Sources */,
				84B14D232B78D14900643FE2 /* DetailView.swift in Sources */,
				849EC6F52B7A2B4800DC91C0 /* ChatsViewModel.swift in Sources */,
				84B14D1F2B78D06100643FE2 /* TextFieldEtension.swift in Sources */,
				84BCEC292B766E4E00F29A18 /* TabButton.swift in Sources */,
				84BCEC272B766DA200F29A18 /* Home.swift in Sources */,
				84BCEC3B2B76A22C00F29A18 /* AllChatsView.swift in Sources */,
				8466DD1D2B79000D00C15519 /* ExpandedView.swift in Sources */,
				84BCEC452B76B0BD00F29A18 /* ImageViewModel.swift in Sources */,
				84BCEC2C2B76714300F29A18 /* HomeViewModel.swift in Sources */,
				84BCEC3F2B76A52B00F29A18 /* Message.swift in Sources */,
				84DC97DD2B791B1200641FA7 /* NetworkError.swift in Sources */,
				84DC97DB2B790AA400641FA7 /* MessageView.swift in Sources */,
				84BCEC172B7663C400F29A18 /* ChatAppApp.swift in Sources */,
				84BCEC2F2B7671A600F29A18 /* Tabs.swift in Sources */,
				84BCEC412B76A8D400F29A18 /* RecentCardView.swift in Sources */,
				84C090402B7E8252001568B2 /* FocusState.swift in Sources */,
			);
			runOnlyForDeploymentPostprocessing = 0;
		};
/* End PBXSourcesBuildPhase section */

/* Begin XCBuildConfiguration section */
		84BCEC202B7663C600F29A18 /* Debug */ = {
			isa = XCBuildConfiguration;
			buildSettings = {
				ALWAYS_SEARCH_USER_PATHS = NO;
				CLANG_ANALYZER_NONNULL = YES;
				CLANG_ANALYZER_NUMBER_OBJECT_CONVERSION = YES_AGGRESSIVE;
				CLANG_CXX_LANGUAGE_STANDARD = "gnu++20";
				CLANG_ENABLE_MODULES = YES;
				CLANG_ENABLE_OBJC_ARC = YES;
				CLANG_ENABLE_OBJC_WEAK = YES;
				CLANG_WARN_BLOCK_CAPTURE_AUTORELEASING = YES;
				CLANG_WARN_BOOL_CONVERSION = YES;
				CLANG_WARN_COMMA = YES;
				CLANG_WARN_CONSTANT_CONVERSION = YES;
				CLANG_WARN_DEPRECATED_OBJC_IMPLEMENTATIONS = YES;
				CLANG_WARN_DIRECT_OBJC_ISA_USAGE = YES_ERROR;
				CLANG_WARN_DOCUMENTATION_COMMENTS = YES;
				CLANG_WARN_EMPTY_BODY = YES;
				CLANG_WARN_ENUM_CONVERSION = YES;
				CLANG_WARN_INFINITE_RECURSION = YES;
				CLANG_WARN_INT_CONVERSION = YES;
				CLANG_WARN_NON_LITERAL_NULL_CONVERSION = YES;
				CLANG_WARN_OBJC_IMPLICIT_RETAIN_SELF = YES;
				CLANG_WARN_OBJC_LITERAL_CONVERSION = YES;
				CLANG_WARN_OBJC_ROOT_CLASS = YES_ERROR;
				CLANG_WARN_QUOTED_INCLUDE_IN_FRAMEWORK_HEADER = YES;
				CLANG_WARN_RANGE_LOOP_ANALYSIS = YES;
				CLANG_WARN_STRICT_PROTOTYPES = YES;
				CLANG_WARN_SUSPICIOUS_MOVE = YES;
				CLANG_WARN_UNGUARDED_AVAILABILITY = YES_AGGRESSIVE;
				CLANG_WARN_UNREACHABLE_CODE = YES;
				CLANG_WARN__DUPLICATE_METHOD_MATCH = YES;
				COPY_PHASE_STRIP = NO;
				DEBUG_INFORMATION_FORMAT = dwarf;
				ENABLE_STRICT_OBJC_MSGSEND = YES;
				ENABLE_TESTABILITY = YES;
				GCC_C_LANGUAGE_STANDARD = gnu11;
				GCC_DYNAMIC_NO_PIC = NO;
				GCC_NO_COMMON_BLOCKS = YES;
				GCC_OPTIMIZATION_LEVEL = 0;
				GCC_PREPROCESSOR_DEFINITIONS = (
					"DEBUG=1",
					"$(inherited)",
				);
				GCC_WARN_64_TO_32_BIT_CONVERSION = YES;
				GCC_WARN_ABOUT_RETURN_TYPE = YES_ERROR;
				GCC_WARN_UNDECLARED_SELECTOR = YES;
				GCC_WARN_UNINITIALIZED_AUTOS = YES_AGGRESSIVE;
				GCC_WARN_UNUSED_FUNCTION = YES;
				GCC_WARN_UNUSED_VARIABLE = YES;
				MACOSX_DEPLOYMENT_TARGET = 12.7;
				MTL_ENABLE_DEBUG_INFO = INCLUDE_SOURCE;
				MTL_FAST_MATH = YES;
				ONLY_ACTIVE_ARCH = YES;
				SDKROOT = macosx;
				SWIFT_ACTIVE_COMPILATION_CONDITIONS = DEBUG;
				SWIFT_OPTIMIZATION_LEVEL = "-Onone";
			};
			name = Debug;
		};
		84BCEC212B7663C600F29A18 /* Release */ = {
			isa = XCBuildConfiguration;
			buildSettings = {
				ALWAYS_SEARCH_USER_PATHS = NO;
				CLANG_ANALYZER_NONNULL = YES;
				CLANG_ANALYZER_NUMBER_OBJECT_CONVERSION = YES_AGGRESSIVE;
				CLANG_CXX_LANGUAGE_STANDARD = "gnu++20";
				CLANG_ENABLE_MODULES = YES;
				CLANG_ENABLE_OBJC_ARC = YES;
				CLANG_ENABLE_OBJC_WEAK = YES;
				CLANG_WARN_BLOCK_CAPTURE_AUTORELEASING = YES;
				CLANG_WARN_BOOL_CONVERSION = YES;
				CLANG_WARN_COMMA = YES;
				CLANG_WARN_CONSTANT_CONVERSION = YES;
				CLANG_WARN_DEPRECATED_OBJC_IMPLEMENTATIONS = YES;
				CLANG_WARN_DIRECT_OBJC_ISA_USAGE = YES_ERROR;
				CLANG_WARN_DOCUMENTATION_COMMENTS = YES;
				CLANG_WARN_EMPTY_BODY = YES;
				CLANG_WARN_ENUM_CONVERSION = YES;
				CLANG_WARN_INFINITE_RECURSION = YES;
				CLANG_WARN_INT_CONVERSION = YES;
				CLANG_WARN_NON_LITERAL_NULL_CONVERSION = YES;
				CLANG_WARN_OBJC_IMPLICIT_RETAIN_SELF = YES;
				CLANG_WARN_OBJC_LITERAL_CONVERSION = YES;
				CLANG_WARN_OBJC_ROOT_CLASS = YES_ERROR;
				CLANG_WARN_QUOTED_INCLUDE_IN_FRAMEWORK_HEADER = YES;
				CLANG_WARN_RANGE_LOOP_ANALYSIS = YES;
				CLANG_WARN_STRICT_PROTOTYPES = YES;
				CLANG_WARN_SUSPICIOUS_MOVE = YES;
				CLANG_WARN_UNGUARDED_AVAILABILITY = YES_AGGRESSIVE;
				CLANG_WARN_UNREACHABLE_CODE = YES;
				CLANG_WARN__DUPLICATE_METHOD_MATCH = YES;
				COPY_PHASE_STRIP = NO;
				DEBUG_INFORMATION_FORMAT = "dwarf-with-dsym";
				ENABLE_NS_ASSERTIONS = NO;
				ENABLE_STRICT_OBJC_MSGSEND = YES;
				GCC_C_LANGUAGE_STANDARD = gnu11;
				GCC_NO_COMMON_BLOCKS = YES;
				GCC_WARN_64_TO_32_BIT_CONVERSION = YES;
				GCC_WARN_ABOUT_RETURN_TYPE = YES_ERROR;
				GCC_WARN_UNDECLARED_SELECTOR = YES;
				GCC_WARN_UNINITIALIZED_AUTOS = YES_AGGRESSIVE;
				GCC_WARN_UNUSED_FUNCTION = YES;
				GCC_WARN_UNUSED_VARIABLE = YES;
				MACOSX_DEPLOYMENT_TARGET = 12.7;
				MTL_ENABLE_DEBUG_INFO = NO;
				MTL_FAST_MATH = YES;
				SDKROOT = macosx;
				SWIFT_COMPILATION_MODE = wholemodule;
				SWIFT_OPTIMIZATION_LEVEL = "-O";
			};
			name = Release;
		};
		84BCEC232B7663C600F29A18 /* Debug */ = {
			isa = XCBuildConfiguration;
			buildSettings = {
				ASSETCATALOG_COMPILER_APPICON_NAME = AppIcon;
				ASSETCATALOG_COMPILER_GLOBAL_ACCENT_COLOR_NAME = AccentColor;
				CODE_SIGN_ENTITLEMENTS = ChatApp/ChatApp.entitlements;
				CODE_SIGN_STYLE = Automatic;
				COMBINE_HIDPI_IMAGES = YES;
				CURRENT_PROJECT_VERSION = 1;
				DEVELOPMENT_ASSET_PATHS = "\"ChatApp/Preview Content\"";
				DEVELOPMENT_TEAM = X9QZ4KQXLR;
				ENABLE_HARDENED_RUNTIME = YES;
				ENABLE_PREVIEWS = YES;
				GENERATE_INFOPLIST_FILE = YES;
				INFOPLIST_FILE = ChatApp/Info.plist;
				INFOPLIST_KEY_NSHumanReadableCopyright = "";
				LD_RUNPATH_SEARCH_PATHS = (
					"$(inherited)",
					"@executable_path/../Frameworks",
				);
				MARKETING_VERSION = 1.0;
				PRODUCT_BUNDLE_IDENTIFIER = com.money.ChatApp;
				PRODUCT_NAME = "$(TARGET_NAME)";
				SUPPORTED_PLATFORMS = "iphoneos iphonesimulator macosx";
				SUPPORTS_MACCATALYST = NO;
				SUPPORTS_MAC_DESIGNED_FOR_IPHONE_IPAD = NO;
				SWIFT_EMIT_LOC_STRINGS = YES;
				SWIFT_VERSION = 5.0;
				TARGETED_DEVICE_FAMILY = 1;
			};
			name = Debug;
		};
		84BCEC242B7663C600F29A18 /* Release */ = {
			isa = XCBuildConfiguration;
			buildSettings = {
				ASSETCATALOG_COMPILER_APPICON_NAME = AppIcon;
				ASSETCATALOG_COMPILER_GLOBAL_ACCENT_COLOR_NAME = AccentColor;
				CODE_SIGN_ENTITLEMENTS = ChatApp/ChatApp.entitlements;
				CODE_SIGN_STYLE = Automatic;
				COMBINE_HIDPI_IMAGES = YES;
				CURRENT_PROJECT_VERSION = 1;
				DEVELOPMENT_ASSET_PATHS = "\"ChatApp/Preview Content\"";
				DEVELOPMENT_TEAM = X9QZ4KQXLR;
				ENABLE_HARDENED_RUNTIME = YES;
				ENABLE_PREVIEWS = YES;
				GENERATE_INFOPLIST_FILE = YES;
				INFOPLIST_FILE = ChatApp/Info.plist;
				INFOPLIST_KEY_NSHumanReadableCopyright = "";
				LD_RUNPATH_SEARCH_PATHS = (
					"$(inherited)",
					"@executable_path/../Frameworks",
				);
				MARKETING_VERSION = 1.0;
				PRODUCT_BUNDLE_IDENTIFIER = com.money.ChatApp;
				PRODUCT_NAME = "$(TARGET_NAME)";
				SUPPORTED_PLATFORMS = "iphoneos iphonesimulator macosx";
				SUPPORTS_MACCATALYST = NO;
				SUPPORTS_MAC_DESIGNED_FOR_IPHONE_IPAD = NO;
				SWIFT_EMIT_LOC_STRINGS = YES;
				SWIFT_VERSION = 5.0;
				TARGETED_DEVICE_FAMILY = 1;
			};
			name = Release;
		};
/* End XCBuildConfiguration section */

/* Begin XCConfigurationList section */
		84BCEC0E2B7663C400F29A18 /* Build configuration list for PBXProject "ChatApp" */ = {
			isa = XCConfigurationList;
			buildConfigurations = (
				84BCEC202B7663C600F29A18 /* Debug */,
				84BCEC212B7663C600F29A18 /* Release */,
			);
			defaultConfigurationIsVisible = 0;
			defaultConfigurationName = Release;
		};
		84BCEC222B7663C600F29A18 /* Build configuration list for PBXNativeTarget "ChatApp" */ = {
			isa = XCConfigurationList;
			buildConfigurations = (
				84BCEC232B7663C600F29A18 /* Debug */,
				84BCEC242B7663C600F29A18 /* Release */,
			);
			defaultConfigurationIsVisible = 0;
			defaultConfigurationName = Release;
		};
/* End XCConfigurationList section */

/* Begin XCVersionGroup section */
		849EC6E82B7A25E700DC91C0 /* Chats.xcdatamodeld */ = {
			isa = XCVersionGroup;
			children = (
				849EC6E92B7A25E700DC91C0 /* GeminiResponse.xcdatamodel */,
			);
			currentVersion = 849EC6E92B7A25E700DC91C0 /* GeminiResponse.xcdatamodel */;
			path = Chats.xcdatamodeld;
			sourceTree = "<group>";
			versionGroupType = wrapper.xcdatamodel;
		};
/* End XCVersionGroup section */
	};
	rootObject = 84BCEC0B2B7663C400F29A18 /* Project object */;
}
